
Microsoft Visual Studio Solution File, Format Version 12.00
# Visual Studio Version 17
VisualStudioVersion = 17.2.32616.157
MinimumVisualStudioVersion = 10.0.40219.1
Project("{FAE04EC0-301F-11D3-BF4B-00C04F79EFBC}") = "CalendarServices", "CalendarServices.csproj", "{465A30A6-1224-4C27-8280-EED0A222C064}"
EndProject
Global
	GlobalSection(SolutionConfigurationPlatforms) = preSolution
		Debug|Any CPU = Debug|Any CPU
		Release|Any CPU = Release|Any CPU
	EndGlobalSection
	GlobalSection(ProjectConfigurationPlatforms) = postSolution
		{465A30A6-1224-4C27-8280-EED0A222C064}.Debug|Any CPU.ActiveCfg = Debug|Any CPU
		{465A30A6-1224-4C27-8280-EED0A222C064}.Debug|Any CPU.Build.0 = Debug|Any CPU
		{465A30A6-1224-4C27-8280-EED0A222C064}.Release|Any CPU.ActiveCfg = Release|Any CPU
		{465A30A6-1224-4C27-8280-EED0A222C064}.Release|Any CPU.Build.0 = Release|Any CPU
	EndGlobalSection
	GlobalSection(SolutionProperties) = preSolution
		HideSolutionNode = FALSE
	EndGlobalSection
	GlobalSection(ExtensibilityGlobals) = postSolution
		SolutionGuid = {59FB91A2-6A6B-406A-A05A-9D07E97CD00D}
	EndGlobalSection
EndGlobal
